{
  "name": "@wunderflats/slack-deploy-notify",
  "version": "1.0.0",
  "lockfileVersion": 1,
  "requires": true,
  "dependencies": {
    "@zeit/ncc": {
      "version": "0.21.1",
      "resolved": "https://registry.npmjs.org/@zeit/ncc/-/ncc-0.21.1.tgz",
      "integrity": "sha512-M9WzgquSOt2nsjRkYM9LRylBLmmlwNCwYbm3Up3PDEshfvdmIfqpFNSK8EJvR18NwZjGHE5z2avlDtYQx2JQnw==",
      "dev": true
    },
    "bent": {
      "version": "7.1.1",
      "resolved": "https://registry.npmjs.org/bent/-/bent-7.1.1.tgz",
      "integrity": "sha512-DJD5nWmwFwzeKPzIL6J+EuWCr7AxLKN+WcmKeMFYms41xscxDK7FYVCW6FDtg9ov2E4IKmnbnZn2wP+rzMhXAA==",
      "dev": true,
      "requires": {
        "bytesish": "^0.4.1",
        "caseless": "~0.12.0",
        "is-stream": "^2.0.0"
      }
    },
    "bytesish": {
      "version": "0.4.1",
      "resolved": "https://registry.npmjs.org/bytesish/-/bytesish-0.4.1.tgz",
      "integrity": "sha512-j3l5QmnAbpOfcN/Z2Jcv4poQYfefs8rDdcbc6iEKm+OolvUXAE2APodpWj+DOzqX6Bl5Ys1cQkcIV2/doGvQxg==",
      "dev": true
    },
    "caseless": {
      "version": "0.12.0",
      "resolved": "https://registry.npmjs.org/caseless/-/caseless-0.12.0.tgz",
      "integrity": "sha1-G2gcIf+EAzyCZUMJBolCDRhxUdw=",
      "dev": true
    },
    "is-stream": {
      "version": "2.0.0",
      "resolved": "https://registry.npmjs.org/is-stream/-/is-stream-2.0.0.tgz",
      "integrity": "sha512-XCoy+WlUr7d1+Z8GgSuXmpuUFC9fOhRXglJMx+dwLKTkL44Cjd4W1Z5P+BQZpr+cR93aGP4S/s7Ftw6Nd/kiEw==",
      "dev": true
    }
  }
}
